// !$*UTF8*$!
{
	archiveVersion = 1;
	classes = {
	};
	objectVersion = 46;
	objects = {

/* Begin PBXBuildFile section */
		85010B1C1572A437004E0579 /* NME.c in Sources */ = {isa = PBXBuildFile; fileRef = 85010B181572A437004E0579 /* NME.c */; };
		85010B1D1572A437004E0579 /* NMEObjC.m in Sources */ = {isa = PBXBuildFile; fileRef = 85010B1B1572A437004E0579 /* NMEObjC.m */; };
		85010B6D1572A69C004E0579 /* Bundle-Debug.xcconfig in Resources */ = {isa = PBXBuildFile; fileRef = 85010B5C1572A69C004E0579 /* Bundle-Debug.xcconfig */; };
		85010B6E1572A69C004E0579 /* Bundle-Release.xcconfig in Resources */ = {isa = PBXBuildFile; fileRef = 85010B5D1572A69C004E0579 /* Bundle-Release.xcconfig */; };
		85010B6F1572A69C004E0579 /* Bundle.xcconfig in Resources */ = {isa = PBXBuildFile; fileRef = 85010B5E1572A69C004E0579 /* Bundle.xcconfig */; };
		85010B701572A69C004E0579 /* Project-Debug.xcconfig in Resources */ = {isa = PBXBuildFile; fileRef = 85010B5F1572A69C004E0579 /* Project-Debug.xcconfig */; };
		85010B711572A69C004E0579 /* Project-Release.xcconfig in Resources */ = {isa = PBXBuildFile; fileRef = 85010B601572A69C004E0579 /* Project-Release.xcconfig */; };
		85010B721572A69C004E0579 /* Project.xcconfig in Resources */ = {isa = PBXBuildFile; fileRef = 85010B611572A69C004E0579 /* Project.xcconfig */; };
		85010B731572A69C004E0579 /* InfoPlist.strings in Resources */ = {isa = PBXBuildFile; fileRef = 85010B621572A69C004E0579 /* InfoPlist.strings */; };
		85010B751572A69C004E0579 /* WikiPreviewWindow.xib in Resources */ = {isa = PBXBuildFile; fileRef = 85010B671572A69C004E0579 /* WikiPreviewWindow.xib */; };
		85010B761572A69C004E0579 /* WikiPreviewWindowController.m in Sources */ = {isa = PBXBuildFile; fileRef = 85010B691572A69C004E0579 /* WikiPreviewWindowController.m */; };
		85010B771572A69C004E0579 /* WikiPlugin.m in Sources */ = {isa = PBXBuildFile; fileRef = 85010B6B1572A69C004E0579 /* WikiPlugin.m */; };
		852FDCC5157018EE00719570 /* WebKit.framework in Frameworks */ = {isa = PBXBuildFile; fileRef = 852FDCC4157018EE00719570 /* WebKit.framework */; };
		852FDCCE157035F700719570 /* Default.css in Resources */ = {isa = PBXBuildFile; fileRef = 852FDCCD157035F700719570 /* Default.css */; };
		85AF87F0156FED4F00B20241 /* Cocoa.framework in Frameworks */ = {isa = PBXBuildFile; fileRef = 85AF87EF156FED4F00B20241 /* Cocoa.framework */; };
		85AF884C156FEED800B20241 /* CreolePlugin.m in Sources */ = {isa = PBXBuildFile; fileRef = 85AF884B156FEED800B20241 /* CreolePlugin.m */; };
/* End PBXBuildFile section */

/* Begin PBXFileReference section */
		85010B181572A437004E0579 /* NME.c */ = {isa = PBXFileReference; fileEncoding = 4; lastKnownFileType = sourcecode.c.c; path = NME.c; sourceTree = "<group>"; };
		85010B191572A437004E0579 /* NME.h */ = {isa = PBXFileReference; fileEncoding = 4; lastKnownFileType = sourcecode.c.h; path = NME.h; sourceTree = "<group>"; };
		85010B1A1572A437004E0579 /* NMEObjC.h */ = {isa = PBXFileReference; fileEncoding = 4; lastKnownFileType = sourcecode.c.h; path = NMEObjC.h; sourceTree = "<group>"; };
		85010B1B1572A437004E0579 /* NMEObjC.m */ = {isa = PBXFileReference; fileEncoding = 4; lastKnownFileType = sourcecode.c.objc; path = NMEObjC.m; sourceTree = "<group>"; };
		85010B5C1572A69C004E0579 /* Bundle-Debug.xcconfig */ = {isa = PBXFileReference; fileEncoding = 4; lastKnownFileType = text.xcconfig; path = "Bundle-Debug.xcconfig"; sourceTree = "<group>"; };
		85010B5D1572A69C004E0579 /* Bundle-Release.xcconfig */ = {isa = PBXFileReference; fileEncoding = 4; lastKnownFileType = text.xcconfig; path = "Bundle-Release.xcconfig"; sourceTree = "<group>"; };
		85010B5E1572A69C004E0579 /* Bundle.xcconfig */ = {isa = PBXFileReference; fileEncoding = 4; lastKnownFileType = text.xcconfig; path = Bundle.xcconfig; sourceTree = "<group>"; };
		85010B5F1572A69C004E0579 /* Project-Debug.xcconfig */ = {isa = PBXFileReference; fileEncoding = 4; lastKnownFileType = text.xcconfig; path = "Project-Debug.xcconfig"; sourceTree = "<group>"; };
		85010B601572A69C004E0579 /* Project-Release.xcconfig */ = {isa = PBXFileReference; fileEncoding = 4; lastKnownFileType = text.xcconfig; path = "Project-Release.xcconfig"; sourceTree = "<group>"; };
		85010B611572A69C004E0579 /* Project.xcconfig */ = {isa = PBXFileReference; fileEncoding = 4; lastKnownFileType = text.xcconfig; path = Project.xcconfig; sourceTree = "<group>"; };
		85010B631572A69C004E0579 /* en */ = {isa = PBXFileReference; lastKnownFileType = text.plist.strings; name = en; path = en.lproj/InfoPlist.strings; sourceTree = "<group>"; };
		85010B661572A69C004E0579 /* CodaPlugInsController.h */ = {isa = PBXFileReference; fileEncoding = 4; lastKnownFileType = sourcecode.c.h; path = CodaPlugInsController.h; sourceTree = "<group>"; };
		85010B671572A69C004E0579 /* WikiPreviewWindow.xib */ = {isa = PBXFileReference; fileEncoding = 4; lastKnownFileType = file.xib; path = WikiPreviewWindow.xib; sourceTree = "<group>"; };
		85010B681572A69C004E0579 /* WikiPreviewWindowController.h */ = {isa = PBXFileReference; fileEncoding = 4; path = WikiPreviewWindowController.h; sourceTree = "<group>"; };
		85010B691572A69C004E0579 /* WikiPreviewWindowController.m */ = {isa = PBXFileReference; fileEncoding = 4; lastKnownFileType = sourcecode.c.objc; path = WikiPreviewWindowController.m; sourceTree = "<group>"; };
		85010B6A1572A69C004E0579 /* WikiPlugin.h */ = {isa = PBXFileReference; fileEncoding = 4; lastKnownFileType = sourcecode.c.h; path = WikiPlugin.h; sourceTree = "<group>"; };
		85010B6B1572A69C004E0579 /* WikiPlugin.m */ = {isa = PBXFileReference; fileEncoding = 4; lastKnownFileType = sourcecode.c.objc; path = WikiPlugin.m; sourceTree = "<group>"; };
		852FDCC4157018EE00719570 /* WebKit.framework */ = {isa = PBXFileReference; lastKnownFileType = wrapper.framework; name = WebKit.framework; path = System/Library/Frameworks/WebKit.framework; sourceTree = SDKROOT; };
		852FDCCD157035F700719570 /* Default.css */ = {isa = PBXFileReference; fileEncoding = 4; lastKnownFileType = text.css; path = Default.css; sourceTree = "<group>"; };
		85AF87EC156FED4F00B20241 /* Creole.codaplugin */ = {isa = PBXFileReference; explicitFileType = wrapper.cfbundle; includeInIndex = 0; path = Creole.codaplugin; sourceTree = BUILT_PRODUCTS_DIR; };
		85AF87EF156FED4F00B20241 /* Cocoa.framework */ = {isa = PBXFileReference; lastKnownFileType = wrapper.framework; name = Cocoa.framework; path = System/Library/Frameworks/Cocoa.framework; sourceTree = SDKROOT; };
		85AF87F4156FED4F00B20241 /* Foundation.framework */ = {isa = PBXFileReference; lastKnownFileType = wrapper.framework; name = Foundation.framework; path = System/Library/Frameworks/Foundation.framework; sourceTree = SDKROOT; };
		85AF87F7156FED4F00B20241 /* Creole-Info.plist */ = {isa = PBXFileReference; lastKnownFileType = text.plist.xml; path = "Creole-Info.plist"; sourceTree = "<group>"; };
		85AF87FB156FED4F00B20241 /* Creole-Prefix.pch */ = {isa = PBXFileReference; lastKnownFileType = sourcecode.c.h; path = "Creole-Prefix.pch"; sourceTree = "<group>"; };
		85AF884A156FEED800B20241 /* CreolePlugin.h */ = {isa = PBXFileReference; fileEncoding = 4; lastKnownFileType = sourcecode.c.h; path = CreolePlugin.h; sourceTree = "<group>"; };
		85AF884B156FEED800B20241 /* CreolePlugin.m */ = {isa = PBXFileReference; fileEncoding = 4; lastKnownFileType = sourcecode.c.objc; path = CreolePlugin.m; sourceTree = "<group>"; };
/* End PBXFileReference section */

/* Begin PBXFrameworksBuildPhase section */
		85AF87E9156FED4E00B20241 /* Frameworks */ = {
			isa = PBXFrameworksBuildPhase;
			buildActionMask = 2147483647;
			files = (
				852FDCC5157018EE00719570 /* WebKit.framework in Frameworks */,
				85AF87F0156FED4F00B20241 /* Cocoa.framework in Frameworks */,
			);
			runOnlyForDeploymentPostprocessing = 0;
		};
/* End PBXFrameworksBuildPhase section */

/* Begin PBXGroup section */
		85010B171572A436004E0579 /* NME */ = {
			isa = PBXGroup;
			children = (
				85010B181572A437004E0579 /* NME.c */,
				85010B191572A437004E0579 /* NME.h */,
				85010B1A1572A437004E0579 /* NMEObjC.h */,
				85010B1B1572A437004E0579 /* NMEObjC.m */,
			);
			path = NME;
			sourceTree = "<group>";
		};
		85010B591572A69C004E0579 /* Shared */ = {
			isa = PBXGroup;
			children = (
				85010B5B1572A69C004E0579 /* Configurations */,
				85010B621572A69C004E0579 /* InfoPlist.strings */,
				85010B651572A69C004E0579 /* Sources */,
			);
			path = Shared;
			sourceTree = "<group>";
		};
		85010B5B1572A69C004E0579 /* Configurations */ = {
			isa = PBXGroup;
			children = (
				85010B5C1572A69C004E0579 /* Bundle-Debug.xcconfig */,
				85010B5D1572A69C004E0579 /* Bundle-Release.xcconfig */,
				85010B5E1572A69C004E0579 /* Bundle.xcconfig */,
				85010B5F1572A69C004E0579 /* Project-Debug.xcconfig */,
				85010B601572A69C004E0579 /* Project-Release.xcconfig */,
				85010B611572A69C004E0579 /* Project.xcconfig */,
			);
			path = Configurations;
			sourceTree = "<group>";
		};
		85010B651572A69C004E0579 /* Sources */ = {
			isa = PBXGroup;
			children = (
				85010B661572A69C004E0579 /* CodaPlugInsController.h */,
				85010B671572A69C004E0579 /* WikiPreviewWindow.xib */,
				85010B681572A69C004E0579 /* WikiPreviewWindowController.h */,
				85010B691572A69C004E0579 /* WikiPreviewWindowController.m */,
				85010B6A1572A69C004E0579 /* WikiPlugin.h */,
				85010B6B1572A69C004E0579 /* WikiPlugin.m */,
			);
			path = Sources;
			sourceTree = "<group>";
		};
		85AF87E1156FED4E00B20241 = {
			isa = PBXGroup;
			children = (
				85010B591572A69C004E0579 /* Shared */,
				85AF87F5156FED4F00B20241 /* Creole */,
				85AF87EE156FED4F00B20241 /* Frameworks */,
				85AF87ED156FED4F00B20241 /* Products */,
			);
			sourceTree = "<group>";
		};
		85AF87ED156FED4F00B20241 /* Products */ = {
			isa = PBXGroup;
			children = (
				85AF87EC156FED4F00B20241 /* Creole.codaplugin */,
			);
			name = Products;
			sourceTree = "<group>";
		};
		85AF87EE156FED4F00B20241 /* Frameworks */ = {
			isa = PBXGroup;
			children = (
				85AF87F1156FED4F00B20241 /* Other Frameworks */,
			);
			name = Frameworks;
			sourceTree = "<group>";
		};
		85AF87F1156FED4F00B20241 /* Other Frameworks */ = {
			isa = PBXGroup;
			children = (
				85AF87EF156FED4F00B20241 /* Cocoa.framework */,
				852FDCC4157018EE00719570 /* WebKit.framework */,
				85AF87F4156FED4F00B20241 /* Foundation.framework */,
			);
			name = "Other Frameworks";
			sourceTree = "<group>";
		};
		85AF87F5156FED4F00B20241 /* Creole */ = {
			isa = PBXGroup;
			children = (
				85010B171572A436004E0579 /* NME */,
				85AF87F6156FED4F00B20241 /* Supporting Files */,
				85AF884A156FEED800B20241 /* CreolePlugin.h */,
				85AF884B156FEED800B20241 /* CreolePlugin.m */,
			);
			path = Creole;
			sourceTree = "<group>";
		};
		85AF87F6156FED4F00B20241 /* Supporting Files */ = {
			isa = PBXGroup;
			children = (
				852FDCCD157035F700719570 /* Default.css */,
				85AF87F7156FED4F00B20241 /* Creole-Info.plist */,
				85AF87FB156FED4F00B20241 /* Creole-Prefix.pch */,
			);
			name = "Supporting Files";
			sourceTree = "<group>";
		};
/* End PBXGroup section */

/* Begin PBXNativeTarget section */
		85AF87EB156FED4E00B20241 /* Creole */ = {
			isa = PBXNativeTarget;
			buildConfigurationList = 85AF87FE156FED4F00B20241 /* Build configuration list for PBXNativeTarget "Creole" */;
			buildPhases = (
				85AF87E8156FED4E00B20241 /* Sources */,
				85AF87E9156FED4E00B20241 /* Frameworks */,
				85AF87EA156FED4E00B20241 /* Resources */,
				85AF88721570063D00B20241 /* ShellScript */,
			);
			buildRules = (
			);
			dependencies = (
			);
			name = Creole;
			productName = Creole;
			productReference = 85AF87EC156FED4F00B20241 /* Creole.codaplugin */;
			productType = "com.apple.product-type.bundle";
		};
/* End PBXNativeTarget section */

/* Begin PBXProject section */
		85AF87E3156FED4E00B20241 /* Project object */ = {
			isa = PBXProject;
			attributes = {
				LastUpgradeCheck = 0430;
				ORGANIZATIONNAME = "LittleApps Inc.";
			};
			buildConfigurationList = 85AF87E6156FED4E00B20241 /* Build configuration list for PBXProject "Creole" */;
			compatibilityVersion = "Xcode 3.2";
			developmentRegion = English;
			hasScannedForEncodings = 0;
			knownRegions = (
				en,
			);
			mainGroup = 85AF87E1156FED4E00B20241;
			productRefGroup = 85AF87ED156FED4F00B20241 /* Products */;
			projectDirPath = "";
			projectRoot = "";
			targets = (
				85AF87EB156FED4E00B20241 /* Creole */,
			);
		};
/* End PBXProject section */

/* Begin PBXResourcesBuildPhase section */
		85AF87EA156FED4E00B20241 /* Resources */ = {
			isa = PBXResourcesBuildPhase;
			buildActionMask = 2147483647;
			files = (
				852FDCCE157035F700719570 /* Default.css in Resources */,
				85010B6D1572A69C004E0579 /* Bundle-Debug.xcconfig in Resources */,
				85010B6E1572A69C004E0579 /* Bundle-Release.xcconfig in Resources */,
				85010B6F1572A69C004E0579 /* Bundle.xcconfig in Resources */,
				85010B701572A69C004E0579 /* Project-Debug.xcconfig in Resources */,
				85010B711572A69C004E0579 /* Project-Release.xcconfig in Resources */,
				85010B721572A69C004E0579 /* Project.xcconfig in Resources */,
				85010B731572A69C004E0579 /* InfoPlist.strings in Resources */,
				85010B751572A69C004E0579 /* WikiPreviewWindow.xib in Resources */,
			);
			runOnlyForDeploymentPostprocessing = 0;
		};
/* End PBXResourcesBuildPhase section */

/* Begin PBXShellScriptBuildPhase section */
		85AF88721570063D00B20241 /* ShellScript */ = {
			isa = PBXShellScriptBuildPhase;
			buildActionMask = 2147483647;
			files = (
			);
			inputPaths = (
			);
			outputPaths = (
			);
			runOnlyForDeploymentPostprocessing = 0;
			shellPath = /bin/bash;
			shellScript = "printenv > ~/env.txt\n\nif [ $INSTALL_BUNDLE == 1 ]; then\nDEST=\"$USER_LIBRARY_DIR/Application Support/Coda 2/Plug-ins/$FULL_PRODUCT_NAME\"\nORG=\"$TARGET_BUILD_DIR/$FULL_PRODUCT_NAME\"\nrm -rf \"$DEST\"\nmv \"$ORG\" \"$DEST\"\nfi\n";
		};
/* End PBXShellScriptBuildPhase section */

/* Begin PBXSourcesBuildPhase section */
		85AF87E8156FED4E00B20241 /* Sources */ = {
			isa = PBXSourcesBuildPhase;
			buildActionMask = 2147483647;
			files = (
				85AF884C156FEED800B20241 /* CreolePlugin.m in Sources */,
				85010B1C1572A437004E0579 /* NME.c in Sources */,
				85010B1D1572A437004E0579 /* NMEObjC.m in Sources */,
				85010B761572A69C004E0579 /* WikiPreviewWindowController.m in Sources */,
				85010B771572A69C004E0579 /* WikiPlugin.m in Sources */,
			);
			runOnlyForDeploymentPostprocessing = 0;
		};
/* End PBXSourcesBuildPhase section */

/* Begin PBXVariantGroup section */
		85010B621572A69C004E0579 /* InfoPlist.strings */ = {
			isa = PBXVariantGroup;
			children = (
				85010B631572A69C004E0579 /* en */,
			);
			name = InfoPlist.strings;
			sourceTree = "<group>";
		};
/* End PBXVariantGroup section */

/* Begin XCBuildConfiguration section */
		85AF87FC156FED4F00B20241 /* Debug */ = {
			isa = XCBuildConfiguration;
			baseConfigurationReference = 85010B5F1572A69C004E0579 /* Project-Debug.xcconfig */;
			buildSettings = {
			};
			name = Debug;
		};
		85AF87FD156FED4F00B20241 /* Release */ = {
			isa = XCBuildConfiguration;
			baseConfigurationReference = 85010B601572A69C004E0579 /* Project-Release.xcconfig */;
			buildSettings = {
			};
			name = Release;
		};
		85AF87FF156FED4F00B20241 /* Debug */ = {
			isa = XCBuildConfiguration;
			baseConfigurationReference = 85010B5C1572A69C004E0579 /* Bundle-Debug.xcconfig */;
			buildSettings = {
			};
			name = Debug;
		};
		85AF8800156FED4F00B20241 /* Release */ = {
			isa = XCBuildConfiguration;
			baseConfigurationReference = 85010B5D1572A69C004E0579 /* Bundle-Release.xcconfig */;
			buildSettings = {
			};
			name = Release;
		};
/* End XCBuildConfiguration section */

/* Begin XCConfigurationList section */
		85AF87E6156FED4E00B20241 /* Build configuration list for PBXProject "Creole" */ = {
			isa = XCConfigurationList;
			buildConfigurations = (
				85AF87FC156FED4F00B20241 /* Debug */,
				85AF87FD156FED4F00B20241 /* Release */,
			);
			defaultConfigurationIsVisible = 0;
			defaultConfigurationName = Release;
		};
		85AF87FE156FED4F00B20241 /* Build configuration list for PBXNativeTarget "Creole" */ = {
			isa = XCConfigurationList;
			buildConfigurations = (
				85AF87FF156FED4F00B20241 /* Debug */,
				85AF8800156FED4F00B20241 /* Release */,
			);
			defaultConfigurationIsVisible = 0;
			defaultConfigurationName = Release;
		};
/* End XCConfigurationList section */
	};
	rootObject = 85AF87E3156FED4E00B20241 /* Project object */;
}
